
Microsoft Visual Studio Solution File, Format Version 12.00
# Visual Studio 15
VisualStudioVersion = 15.0.26430.14
MinimumVisualStudioVersion = 10.0.40219.1
Project("{9A19103F-16F7-4668-BE54-9A1E7A4F7556}") = "dotnetcorehack", "dotnetcorehack\dotnetcorehack.csproj", "{3DA425C5-7B2D-4F1E-8746-933B7D2A95DD}"
EndProject
Project("{FAE04EC0-301F-11D3-BF4B-00C04F79EFBC}") = "dotnetcorehack.Test", "dotnetcorehack.Test\dotnetcorehack.Test.csproj", "{0CC79CD1-095B-4EB2-9591-B97AB7187A9C}"
EndProject
Global
	GlobalSection(SolutionConfigurationPlatforms) = preSolution
		Debug|Any CPU = Debug|Any CPU
		Release|Any CPU = Release|Any CPU
	EndGlobalSection
	GlobalSection(ProjectConfigurationPlatforms) = postSolution
		{3DA425C5-7B2D-4F1E-8746-933B7D2A95DD}.Debug|Any CPU.ActiveCfg = Debug|Any CPU
		{3DA425C5-7B2D-4F1E-8746-933B7D2A95DD}.Debug|Any CPU.Build.0 = Debug|Any CPU
		{3DA425C5-7B2D-4F1E-8746-933B7D2A95DD}.Release|Any CPU.ActiveCfg = Release|Any CPU
		{3DA425C5-7B2D-4F1E-8746-933B7D2A95DD}.Release|Any CPU.Build.0 = Release|Any CPU
		{0CC79CD1-095B-4EB2-9591-B97AB7187A9C}.Debug|Any CPU.ActiveCfg = Debug|Any CPU
		{0CC79CD1-095B-4EB2-9591-B97AB7187A9C}.Debug|Any CPU.Build.0 = Debug|Any CPU
		{0CC79CD1-095B-4EB2-9591-B97AB7187A9C}.Release|Any CPU.ActiveCfg = Release|Any CPU
		{0CC79CD1-095B-4EB2-9591-B97AB7187A9C}.Release|Any CPU.Build.0 = Release|Any CPU
	EndGlobalSection
	GlobalSection(SolutionProperties) = preSolution
		HideSolutionNode = FALSE
	EndGlobalSection
EndGlobal
